// !$*UTF8*$!
{
	archiveVersion = 1;
	classes = {
	};
	objectVersion = 46;
	objects = {

/* Begin PBXBuildFile section */
		41BB20B81B8115A80076C47F /* ValTree.cpp in Sources */ = {isa = PBXBuildFile; fileRef = 41BB20B61B8115A80076C47F /* ValTree.cpp */; };
		41BB20BA1B8115AF0076C47F /* main.cpp in Sources */ = {isa = PBXBuildFile; fileRef = 41BB20B91B8115AF0076C47F /* main.cpp */; };
		41BB20BD1B8116280076C47F /* Example.txt in CopyFiles */ = {isa = PBXBuildFile; fileRef = 41BB20BC1B8115FC0076C47F /* Example.txt */; };
/* End PBXBuildFile section */

/* Begin PBXCopyFilesBuildPhase section */
		41BB20A21B81131F0076C47F /* CopyFiles */ = {
			isa = PBXCopyFilesBuildPhase;
			buildActionMask = 12;
			dstPath = "";
			dstSubfolderSpec = 6;
			files = (
				41BB20BD1B8116280076C47F /* Example.txt in CopyFiles */,
			);
			runOnlyForDeploymentPostprocessing = 0;
		};
/* End PBXCopyFilesBuildPhase section */

/* Begin PBXFileReference section */
		41BB20A41B81131F0076C47F /* ValTree */ = {isa = PBXFileReference; explicitFileType = "compiled.mach-o.executable"; includeInIndex = 0; path = ValTree; sourceTree = BUILT_PRODUCTS_DIR; };
		41BB20B41B81159E0076C47F /* README.md */ = {isa = PBXFileReference; fileEncoding = 4; lastKnownFileType = net.daringfireball.markdown; name = README.md; path = ../README.md; sourceTree = "<group>"; };
		41BB20B61B8115A80076C47F /* ValTree.cpp */ = {isa = PBXFileReference; fileEncoding = 4; lastKnownFileType = sourcecode.cpp.cpp; name = ValTree.cpp; path = ../ValTree.cpp; sourceTree = "<group>"; };
		41BB20B71B8115A80076C47F /* ValTree.h */ = {isa = PBXFileReference; fileEncoding = 4; lastKnownFileType = sourcecode.c.h; name = ValTree.h; path = ../ValTree.h; sourceTree = "<group>"; };
		41BB20B91B8115AF0076C47F /* main.cpp */ = {isa = PBXFileReference; fileEncoding = 4; lastKnownFileType = sourcecode.cpp.cpp; path = main.cpp; sourceTree = "<group>"; };
		41BB20BC1B8115FC0076C47F /* Example.txt */ = {isa = PBXFileReference; fileEncoding = 4; lastKnownFileType = text; path = Example.txt; sourceTree = "<group>"; };
/* End PBXFileReference section */

/* Begin PBXFrameworksBuildPhase section */
		41BB20A11B81131F0076C47F /* Frameworks */ = {
			isa = PBXFrameworksBuildPhase;
			buildActionMask = 2147483647;
			files = (
			);
			runOnlyForDeploymentPostprocessing = 0;
		};
/* End PBXFrameworksBuildPhase section */

/* Begin PBXGroup section */
		41BB209B1B81131F0076C47F = {
			isa = PBXGroup;
			children = (
				41BB20B41B81159E0076C47F /* README.md */,
				41BB20B91B8115AF0076C47F /* main.cpp */,
				41BB20B71B8115A80076C47F /* ValTree.h */,
				41BB20B61B8115A80076C47F /* ValTree.cpp */,
				41BB20BC1B8115FC0076C47F /* Example.txt */,
				41BB20A51B81131F0076C47F /* Products */,
			);
			sourceTree = "<group>";
		};
		41BB20A51B81131F0076C47F /* Products */ = {
			isa = PBXGroup;
			children = (
				41BB20A41B81131F0076C47F /* ValTree */,
			);
			name = Products;
			sourceTree = "<group>";
		};
/* End PBXGroup section */

/* Begin PBXNativeTarget section */
		41BB20A31B81131F0076C47F /* ValTree */ = {
			isa = PBXNativeTarget;
			buildConfigurationList = 41BB20AB1B81131F0076C47F /* Build configuration list for PBXNativeTarget "ValTree" */;
			buildPhases = (
				41BB20A01B81131F0076C47F /* Sources */,
				41BB20A11B81131F0076C47F /* Frameworks */,
				41BB20A21B81131F0076C47F /* CopyFiles */,
			);
			buildRules = (
			);
			dependencies = (
			);
			name = ValTree;
			productName = ValTree;
			productReference = 41BB20A41B81131F0076C47F /* ValTree */;
			productType = "com.apple.product-type.tool";
		};
/* End PBXNativeTarget section */

/* Begin PBXProject section */
		41BB209C1B81131F0076C47F /* Project object */ = {
			isa = PBXProject;
			attributes = {
				LastUpgradeCheck = 0640;
				ORGANIZATIONNAME = "Wizard Fu, Inc.";
				TargetAttributes = {
					41BB20A31B81131F0076C47F = {
						CreatedOnToolsVersion = 6.4;
					};
				};
			};
			buildConfigurationList = 41BB209F1B81131F0076C47F /* Build configuration list for PBXProject "ValTree" */;
			compatibilityVersion = "Xcode 3.2";
			developmentRegion = English;
			hasScannedForEncodings = 0;
			knownRegions = (
				en,
			);
			mainGroup = 41BB209B1B81131F0076C47F;
			productRefGroup = 41BB20A51B81131F0076C47F /* Products */;
			projectDirPath = "";
			projectRoot = "";
			targets = (
				41BB20A31B81131F0076C47F /* ValTree */,
			);
		};
/* End PBXProject section */

/* Begin PBXSourcesBuildPhase section */
		41BB20A01B81131F0076C47F /* Sources */ = {
			isa = PBXSourcesBuildPhase;
			buildActionMask = 2147483647;
			files = (
				41BB20B81B8115A80076C47F /* ValTree.cpp in Sources */,
				41BB20BA1B8115AF0076C47F /* main.cpp in Sources */,
			);
			runOnlyForDeploymentPostprocessing = 0;
		};
/* End PBXSourcesBuildPhase section */

/* Begin XCBuildConfiguration section */
		41BB20A91B81131F0076C47F /* Debug */ = {
			isa = XCBuildConfiguration;
			buildSettings = {
				ALWAYS_SEARCH_USER_PATHS = NO;
				CLANG_CXX_LANGUAGE_STANDARD = "gnu++0x";
				CLANG_CXX_LIBRARY = "libc++";
				CLANG_ENABLE_MODULES = YES;
				CLANG_ENABLE_OBJC_ARC = YES;
				CLANG_WARN_BOOL_CONVERSION = YES;
				CLANG_WARN_CONSTANT_CONVERSION = YES;
				CLANG_WARN_DIRECT_OBJC_ISA_USAGE = YES_ERROR;
				CLANG_WARN_EMPTY_BODY = YES;
				CLANG_WARN_ENUM_CONVERSION = YES;
				CLANG_WARN_INT_CONVERSION = YES;
				CLANG_WARN_OBJC_ROOT_CLASS = YES_ERROR;
				CLANG_WARN_UNREACHABLE_CODE = YES;
				CLANG_WARN__DUPLICATE_METHOD_MATCH = YES;
				COPY_PHASE_STRIP = NO;
				DEBUG_INFORMATION_FORMAT = dwarf;
				ENABLE_STRICT_OBJC_MSGSEND = YES;
				GCC_C_LANGUAGE_STANDARD = gnu99;
				GCC_DYNAMIC_NO_PIC = NO;
				GCC_NO_COMMON_BLOCKS = YES;
				GCC_OPTIMIZATION_LEVEL = 0;
				GCC_PREPROCESSOR_DEFINITIONS = (
					"DEBUG=1",
					"$(inherited)",
				);
				GCC_SYMBOLS_PRIVATE_EXTERN = NO;
				GCC_WARN_64_TO_32_BIT_CONVERSION = YES;
				GCC_WARN_ABOUT_RETURN_TYPE = YES_ERROR;
				GCC_WARN_UNDECLARED_SELECTOR = YES;
				GCC_WARN_UNINITIALIZED_AUTOS = YES_AGGRESSIVE;
				GCC_WARN_UNUSED_FUNCTION = YES;
				GCC_WARN_UNUSED_VARIABLE = YES;
				MACOSX_DEPLOYMENT_TARGET = 10.10;
				MTL_ENABLE_DEBUG_INFO = YES;
				ONLY_ACTIVE_ARCH = YES;
				SDKROOT = macosx;
			};
			name = Debug;
		};
		41BB20AA1B81131F0076C47F /* Release */ = {
			isa = XCBuildConfiguration;
			buildSettings = {
				ALWAYS_SEARCH_USER_PATHS = NO;
				CLANG_CXX_LANGUAGE_STANDARD = "gnu++0x";
				CLANG_CXX_LIBRARY = "libc++";
				CLANG_ENABLE_MODULES = YES;
				CLANG_ENABLE_OBJC_ARC = YES;
				CLANG_WARN_BOOL_CONVERSION = YES;
				CLANG_WARN_CONSTANT_CONVERSION = YES;
				CLANG_WARN_DIRECT_OBJC_ISA_USAGE = YES_ERROR;
				CLANG_WARN_EMPTY_BODY = YES;
				CLANG_WARN_ENUM_CONVERSION = YES;
				CLANG_WARN_INT_CONVERSION = YES;
				CLANG_WARN_OBJC_ROOT_CLASS = YES_ERROR;
				CLANG_WARN_UNREACHABLE_CODE = YES;
				CLANG_WARN__DUPLICATE_METHOD_MATCH = YES;
				COPY_PHASE_STRIP = NO;
				DEBUG_INFORMATION_FORMAT = "dwarf-with-dsym";
				ENABLE_NS_ASSERTIONS = NO;
				ENABLE_STRICT_OBJC_MSGSEND = YES;
				GCC_C_LANGUAGE_STANDARD = gnu99;
				GCC_NO_COMMON_BLOCKS = YES;
				GCC_WARN_64_TO_32_BIT_CONVERSION = YES;
				GCC_WARN_ABOUT_RETURN_TYPE = YES_ERROR;
				GCC_WARN_UNDECLARED_SELECTOR = YES;
				GCC_WARN_UNINITIALIZED_AUTOS = YES_AGGRESSIVE;
				GCC_WARN_UNUSED_FUNCTION = YES;
				GCC_WARN_UNUSED_VARIABLE = YES;
				MACOSX_DEPLOYMENT_TARGET = 10.10;
				MTL_ENABLE_DEBUG_INFO = NO;
				SDKROOT = macosx;
			};
			name = Release;
		};
		41BB20AC1B81131F0076C47F /* Debug */ = {
			isa = XCBuildConfiguration;
			buildSettings = {
				PRODUCT_NAME = "$(TARGET_NAME)";
			};
			name = Debug;
		};
		41BB20AD1B81131F0076C47F /* Release */ = {
			isa = XCBuildConfiguration;
			buildSettings = {
				PRODUCT_NAME = "$(TARGET_NAME)";
			};
			name = Release;
		};
/* End XCBuildConfiguration section */

/* Begin XCConfigurationList section */
		41BB209F1B81131F0076C47F /* Build configuration list for PBXProject "ValTree" */ = {
			isa = XCConfigurationList;
			buildConfigurations = (
				41BB20A91B81131F0076C47F /* Debug */,
				41BB20AA1B81131F0076C47F /* Release */,
			);
			defaultConfigurationIsVisible = 0;
			defaultConfigurationName = Release;
		};
		41BB20AB1B81131F0076C47F /* Build configuration list for PBXNativeTarget "ValTree" */ = {
			isa = XCConfigurationList;
			buildConfigurations = (
				41BB20AC1B81131F0076C47F /* Debug */,
				41BB20AD1B81131F0076C47F /* Release */,
			);
			defaultConfigurationIsVisible = 0;
			defaultConfigurationName = Release;
		};
/* End XCConfigurationList section */
	};
	rootObject = 41BB209C1B81131F0076C47F /* Project object */;
}
